// !$*UTF8*$!
{
	archiveVersion = 1;
	classes = {
	};
	objectVersion = 46;
	objects = {

/* Begin PBXBuildFile section */
		6696FAAF15D1B3D800B5E30E /* Cocoa.framework in Frameworks */ = {isa = PBXBuildFile; fileRef = 6696FAAE15D1B3D800B5E30E /* Cocoa.framework */; };
		6696FAB915D1B3D800B5E30E /* InfoPlist.strings in Resources */ = {isa = PBXBuildFile; fileRef = 6696FAB715D1B3D800B5E30E /* InfoPlist.strings */; };
		6696FABB15D1B3D800B5E30E /* main.m in Sources */ = {isa = PBXBuildFile; fileRef = 6696FABA15D1B3D800B5E30E /* main.m */; };
		6696FABF15D1B3D800B5E30E /* Credits.rtf in Resources */ = {isa = PBXBuildFile; fileRef = 6696FABD15D1B3D800B5E30E /* Credits.rtf */; };
		6696FAC215D1B3D800B5E30E /* AppDelegate.m in Sources */ = {isa = PBXBuildFile; fileRef = 6696FAC115D1B3D800B5E30E /* AppDelegate.m */; };
		6696FAC515D1B3D800B5E30E /* MainMenu.xib in Resources */ = {isa = PBXBuildFile; fileRef = 6696FAC315D1B3D800B5E30E /* MainMenu.xib */; };
		6696FACD15D1B3F700B5E30E /* Book.m in Sources */ = {isa = PBXBuildFile; fileRef = 6696FACC15D1B3F700B5E30E /* Book.m */; };
/* End PBXBuildFile section */

/* Begin PBXFileReference section */
		6696FAAA15D1B3D800B5E30E /* KVCBinding.app */ = {isa = PBXFileReference; explicitFileType = wrapper.application; includeInIndex = 0; path = KVCBinding.app; sourceTree = BUILT_PRODUCTS_DIR; };
		6696FAAE15D1B3D800B5E30E /* Cocoa.framework */ = {isa = PBXFileReference; lastKnownFileType = wrapper.framework; name = Cocoa.framework; path = System/Library/Frameworks/Cocoa.framework; sourceTree = SDKROOT; };
		6696FAB115D1B3D800B5E30E /* AppKit.framework */ = {isa = PBXFileReference; lastKnownFileType = wrapper.framework; name = AppKit.framework; path = System/Library/Frameworks/AppKit.framework; sourceTree = SDKROOT; };
		6696FAB215D1B3D800B5E30E /* CoreData.framework */ = {isa = PBXFileReference; lastKnownFileType = wrapper.framework; name = CoreData.framework; path = System/Library/Frameworks/CoreData.framework; sourceTree = SDKROOT; };
		6696FAB315D1B3D800B5E30E /* Foundation.framework */ = {isa = PBXFileReference; lastKnownFileType = wrapper.framework; name = Foundation.framework; path = System/Library/Frameworks/Foundation.framework; sourceTree = SDKROOT; };
		6696FAB615D1B3D800B5E30E /* KVCBinding-Info.plist */ = {isa = PBXFileReference; lastKnownFileType = text.plist.xml; path = "KVCBinding-Info.plist"; sourceTree = "<group>"; };
		6696FAB815D1B3D800B5E30E /* en */ = {isa = PBXFileReference; lastKnownFileType = text.plist.strings; name = en; path = en.lproj/InfoPlist.strings; sourceTree = "<group>"; };
		6696FABA15D1B3D800B5E30E /* main.m */ = {isa = PBXFileReference; lastKnownFileType = sourcecode.c.objc; path = main.m; sourceTree = "<group>"; };
		6696FABC15D1B3D800B5E30E /* KVCBinding-Prefix.pch */ = {isa = PBXFileReference; lastKnownFileType = sourcecode.c.h; path = "KVCBinding-Prefix.pch"; sourceTree = "<group>"; };
		6696FABE15D1B3D800B5E30E /* en */ = {isa = PBXFileReference; lastKnownFileType = text.rtf; name = en; path = en.lproj/Credits.rtf; sourceTree = "<group>"; };
		6696FAC015D1B3D800B5E30E /* AppDelegate.h */ = {isa = PBXFileReference; lastKnownFileType = sourcecode.c.h; path = AppDelegate.h; sourceTree = "<group>"; };
		6696FAC115D1B3D800B5E30E /* AppDelegate.m */ = {isa = PBXFileReference; lastKnownFileType = sourcecode.c.objc; path = AppDelegate.m; sourceTree = "<group>"; };
		6696FAC415D1B3D800B5E30E /* en */ = {isa = PBXFileReference; lastKnownFileType = file.xib; name = en; path = en.lproj/MainMenu.xib; sourceTree = "<group>"; };
		6696FACB15D1B3F700B5E30E /* Book.h */ = {isa = PBXFileReference; fileEncoding = 4; lastKnownFileType = sourcecode.c.h; path = Book.h; sourceTree = "<group>"; };
		6696FACC15D1B3F700B5E30E /* Book.m */ = {isa = PBXFileReference; fileEncoding = 4; lastKnownFileType = sourcecode.c.objc; path = Book.m; sourceTree = "<group>"; };
/* End PBXFileReference section */

/* Begin PBXFrameworksBuildPhase section */
		6696FAA715D1B3D800B5E30E /* Frameworks */ = {
			isa = PBXFrameworksBuildPhase;
			buildActionMask = 2147483647;
			files = (
				6696FAAF15D1B3D800B5E30E /* Cocoa.framework in Frameworks */,
			);
			runOnlyForDeploymentPostprocessing = 0;
		};
/* End PBXFrameworksBuildPhase section */

/* Begin PBXGroup section */
		6696FA9F15D1B3D800B5E30E = {
			isa = PBXGroup;
			children = (
				6696FAB415D1B3D800B5E30E /* KVCBinding */,
				6696FAAD15D1B3D800B5E30E /* Frameworks */,
				6696FAAB15D1B3D800B5E30E /* Products */,
			);
			sourceTree = "<group>";
		};
		6696FAAB15D1B3D800B5E30E /* Products */ = {
			isa = PBXGroup;
			children = (
				6696FAAA15D1B3D800B5E30E /* KVCBinding.app */,
			);
			name = Products;
			sourceTree = "<group>";
		};
		6696FAAD15D1B3D800B5E30E /* Frameworks */ = {
			isa = PBXGroup;
			children = (
				6696FAAE15D1B3D800B5E30E /* Cocoa.framework */,
				6696FAB015D1B3D800B5E30E /* Other Frameworks */,
			);
			name = Frameworks;
			sourceTree = "<group>";
		};
		6696FAB015D1B3D800B5E30E /* Other Frameworks */ = {
			isa = PBXGroup;
			children = (
				6696FAB115D1B3D800B5E30E /* AppKit.framework */,
				6696FAB215D1B3D800B5E30E /* CoreData.framework */,
				6696FAB315D1B3D800B5E30E /* Foundation.framework */,
			);
			name = "Other Frameworks";
			sourceTree = "<group>";
		};
		6696FAB415D1B3D800B5E30E /* KVCBinding */ = {
			isa = PBXGroup;
			children = (
				6696FAC015D1B3D800B5E30E /* AppDelegate.h */,
				6696FAC115D1B3D800B5E30E /* AppDelegate.m */,
				6696FAC315D1B3D800B5E30E /* MainMenu.xib */,
				6696FACB15D1B3F700B5E30E /* Book.h */,
				6696FACC15D1B3F700B5E30E /* Book.m */,
				6696FAB515D1B3D800B5E30E /* Supporting Files */,
			);
			path = KVCBinding;
			sourceTree = "<group>";
		};
		6696FAB515D1B3D800B5E30E /* Supporting Files */ = {
			isa = PBXGroup;
			children = (
				6696FAB615D1B3D800B5E30E /* KVCBinding-Info.plist */,
				6696FAB715D1B3D800B5E30E /* InfoPlist.strings */,
				6696FABA15D1B3D800B5E30E /* main.m */,
				6696FABC15D1B3D800B5E30E /* KVCBinding-Prefix.pch */,
				6696FABD15D1B3D800B5E30E /* Credits.rtf */,
			);
			name = "Supporting Files";
			sourceTree = "<group>";
		};
/* End PBXGroup section */

/* Begin PBXNativeTarget section */
		6696FAA915D1B3D800B5E30E /* KVCBinding */ = {
			isa = PBXNativeTarget;
			buildConfigurationList = 6696FAC815D1B3D800B5E30E /* Build configuration list for PBXNativeTarget "KVCBinding" */;
			buildPhases = (
				6696FAA615D1B3D800B5E30E /* Sources */,
				6696FAA715D1B3D800B5E30E /* Frameworks */,
				6696FAA815D1B3D800B5E30E /* Resources */,
			);
			buildRules = (
			);
			dependencies = (
			);
			name = KVCBinding;
			productName = KVCBinding;
			productReference = 6696FAAA15D1B3D800B5E30E /* KVCBinding.app */;
			productType = "com.apple.product-type.application";
		};
/* End PBXNativeTarget section */

/* Begin PBXProject section */
		6696FAA115D1B3D800B5E30E /* Project object */ = {
			isa = PBXProject;
			attributes = {
				LastUpgradeCheck = 0440;
				ORGANIZATIONNAME = "Stour Valley Designs";
			};
			buildConfigurationList = 6696FAA415D1B3D800B5E30E /* Build configuration list for PBXProject "KVCBinding" */;
			compatibilityVersion = "Xcode 3.2";
			developmentRegion = English;
			hasScannedForEncodings = 0;
			knownRegions = (
				en,
			);
			mainGroup = 6696FA9F15D1B3D800B5E30E;
			productRefGroup = 6696FAAB15D1B3D800B5E30E /* Products */;
			projectDirPath = "";
			projectRoot = "";
			targets = (
				6696FAA915D1B3D800B5E30E /* KVCBinding */,
			);
		};
/* End PBXProject section */

/* Begin PBXResourcesBuildPhase section */
		6696FAA815D1B3D800B5E30E /* Resources */ = {
			isa = PBXResourcesBuildPhase;
			buildActionMask = 2147483647;
			files = (
				6696FAB915D1B3D800B5E30E /* InfoPlist.strings in Resources */,
				6696FABF15D1B3D800B5E30E /* Credits.rtf in Resources */,
				6696FAC515D1B3D800B5E30E /* MainMenu.xib in Resources */,
			);
			runOnlyForDeploymentPostprocessing = 0;
		};
/* End PBXResourcesBuildPhase section */

/* Begin PBXSourcesBuildPhase section */
		6696FAA615D1B3D800B5E30E /* Sources */ = {
			isa = PBXSourcesBuildPhase;
			buildActionMask = 2147483647;
			files = (
				6696FABB15D1B3D800B5E30E /* main.m in Sources */,
				6696FAC215D1B3D800B5E30E /* AppDelegate.m in Sources */,
				6696FACD15D1B3F700B5E30E /* Book.m in Sources */,
			);
			runOnlyForDeploymentPostprocessing = 0;
		};
/* End PBXSourcesBuildPhase section */

/* Begin PBXVariantGroup section */
		6696FAB715D1B3D800B5E30E /* InfoPlist.strings */ = {
			isa = PBXVariantGroup;
			children = (
				6696FAB815D1B3D800B5E30E /* en */,
			);
			name = InfoPlist.strings;
			sourceTree = "<group>";
		};
		6696FABD15D1B3D800B5E30E /* Credits.rtf */ = {
			isa = PBXVariantGroup;
			children = (
				6696FABE15D1B3D800B5E30E /* en */,
			);
			name = Credits.rtf;
			sourceTree = "<group>";
		};
		6696FAC315D1B3D800B5E30E /* MainMenu.xib */ = {
			isa = PBXVariantGroup;
			children = (
				6696FAC415D1B3D800B5E30E /* en */,
			);
			name = MainMenu.xib;
			sourceTree = "<group>";
		};
/* End PBXVariantGroup section */

/* Begin XCBuildConfiguration section */
		6696FAC615D1B3D800B5E30E /* Debug */ = {
			isa = XCBuildConfiguration;
			buildSettings = {
				ALWAYS_SEARCH_USER_PATHS = NO;
				ARCHS = "$(ARCHS_STANDARD_64_BIT)";
				CLANG_CXX_LANGUAGE_STANDARD = "gnu++0x";
				CLANG_ENABLE_OBJC_ARC = YES;
				CLANG_WARN__DUPLICATE_METHOD_MATCH = YES;
				COPY_PHASE_STRIP = NO;
				GCC_C_LANGUAGE_STANDARD = gnu99;
				GCC_DYNAMIC_NO_PIC = NO;
				GCC_ENABLE_OBJC_EXCEPTIONS = YES;
				GCC_OPTIMIZATION_LEVEL = 0;
				GCC_PREPROCESSOR_DEFINITIONS = (
					"DEBUG=1",
					"$(inherited)",
				);
				GCC_SYMBOLS_PRIVATE_EXTERN = NO;
				GCC_WARN_64_TO_32_BIT_CONVERSION = YES;
				GCC_WARN_ABOUT_RETURN_TYPE = YES;
				GCC_WARN_UNINITIALIZED_AUTOS = YES;
				GCC_WARN_UNUSED_VARIABLE = YES;
				MACOSX_DEPLOYMENT_TARGET = 10.8;
				ONLY_ACTIVE_ARCH = YES;
				SDKROOT = macosx;
			};
			name = Debug;
		};
		6696FAC715D1B3D800B5E30E /* Release */ = {
			isa = XCBuildConfiguration;
			buildSettings = {
				ALWAYS_SEARCH_USER_PATHS = NO;
				ARCHS = "$(ARCHS_STANDARD_64_BIT)";
				CLANG_CXX_LANGUAGE_STANDARD = "gnu++0x";
				CLANG_ENABLE_OBJC_ARC = YES;
				CLANG_WARN__DUPLICATE_METHOD_MATCH = YES;
				COPY_PHASE_STRIP = YES;
				DEBUG_INFORMATION_FORMAT = "dwarf-with-dsym";
				GCC_C_LANGUAGE_STANDARD = gnu99;
				GCC_ENABLE_OBJC_EXCEPTIONS = YES;
				GCC_WARN_64_TO_32_BIT_CONVERSION = YES;
				GCC_WARN_ABOUT_RETURN_TYPE = YES;
				GCC_WARN_UNINITIALIZED_AUTOS = YES;
				GCC_WARN_UNUSED_VARIABLE = YES;
				MACOSX_DEPLOYMENT_TARGET = 10.8;
				SDKROOT = macosx;
			};
			name = Release;
		};
		6696FAC915D1B3D800B5E30E /* Debug */ = {
			isa = XCBuildConfiguration;
			buildSettings = {
				COMBINE_HIDPI_IMAGES = YES;
				GCC_PRECOMPILE_PREFIX_HEADER = YES;
				GCC_PREFIX_HEADER = "KVCBinding/KVCBinding-Prefix.pch";
				INFOPLIST_FILE = "KVCBinding/KVCBinding-Info.plist";
				PRODUCT_NAME = "$(TARGET_NAME)";
				WRAPPER_EXTENSION = app;
			};
			name = Debug;
		};
		6696FACA15D1B3D800B5E30E /* Release */ = {
			isa = XCBuildConfiguration;
			buildSettings = {
				COMBINE_HIDPI_IMAGES = YES;
				GCC_PRECOMPILE_PREFIX_HEADER = YES;
				GCC_PREFIX_HEADER = "KVCBinding/KVCBinding-Prefix.pch";
				INFOPLIST_FILE = "KVCBinding/KVCBinding-Info.plist";
				PRODUCT_NAME = "$(TARGET_NAME)";
				WRAPPER_EXTENSION = app;
			};
			name = Release;
		};
/* End XCBuildConfiguration section */

/* Begin XCConfigurationList section */
		6696FAA415D1B3D800B5E30E /* Build configuration list for PBXProject "KVCBinding" */ = {
			isa = XCConfigurationList;
			buildConfigurations = (
				6696FAC615D1B3D800B5E30E /* Debug */,
				6696FAC715D1B3D800B5E30E /* Release */,
			);
			defaultConfigurationIsVisible = 0;
			defaultConfigurationName = Release;
		};
		6696FAC815D1B3D800B5E30E /* Build configuration list for PBXNativeTarget "KVCBinding" */ = {
			isa = XCConfigurationList;
			buildConfigurations = (
				6696FAC915D1B3D800B5E30E /* Debug */,
				6696FACA15D1B3D800B5E30E /* Release */,
			);
			defaultConfigurationIsVisible = 0;
		};
/* End XCConfigurationList section */
	};
	rootObject = 6696FAA115D1B3D800B5E30E /* Project object */;
}
