// !$*UTF8*$!
{
	archiveVersion = 1;
	classes = {
	};
	objectVersion = 46;
	objects = {

/* Begin PBXBuildFile section */
		664DAB331479641B00C669D5 /* Foundation.framework in Frameworks */ = {isa = PBXBuildFile; fileRef = 664DAB321479641B00C669D5 /* Foundation.framework */; };
		664DAB361479641B00C669D5 /* main.m in Sources */ = {isa = PBXBuildFile; fileRef = 664DAB351479641B00C669D5 /* main.m */; };
		664DAB3A1479641B00C669D5 /* SimpleEncoding.1 in CopyFiles */ = {isa = PBXBuildFile; fileRef = 664DAB391479641B00C669D5 /* SimpleEncoding.1 */; };
/* End PBXBuildFile section */

/* Begin PBXCopyFilesBuildPhase section */
		664DAB2C1479641B00C669D5 /* CopyFiles */ = {
			isa = PBXCopyFilesBuildPhase;
			buildActionMask = 2147483647;
			dstPath = /usr/share/man/man1/;
			dstSubfolderSpec = 0;
			files = (
				664DAB3A1479641B00C669D5 /* SimpleEncoding.1 in CopyFiles */,
			);
			runOnlyForDeploymentPostprocessing = 1;
		};
/* End PBXCopyFilesBuildPhase section */

/* Begin PBXFileReference section */
		664DAB2E1479641B00C669D5 /* SimpleEncoding */ = {isa = PBXFileReference; explicitFileType = "compiled.mach-o.executable"; includeInIndex = 0; path = SimpleEncoding; sourceTree = BUILT_PRODUCTS_DIR; };
		664DAB321479641B00C669D5 /* Foundation.framework */ = {isa = PBXFileReference; lastKnownFileType = wrapper.framework; name = Foundation.framework; path = System/Library/Frameworks/Foundation.framework; sourceTree = SDKROOT; };
		664DAB351479641B00C669D5 /* main.m */ = {isa = PBXFileReference; lastKnownFileType = sourcecode.c.objc; path = main.m; sourceTree = "<group>"; };
		664DAB381479641B00C669D5 /* SimpleEncoding-Prefix.pch */ = {isa = PBXFileReference; lastKnownFileType = sourcecode.c.h; path = "SimpleEncoding-Prefix.pch"; sourceTree = "<group>"; };
		664DAB391479641B00C669D5 /* SimpleEncoding.1 */ = {isa = PBXFileReference; lastKnownFileType = text.man; path = SimpleEncoding.1; sourceTree = "<group>"; };
/* End PBXFileReference section */

/* Begin PBXFrameworksBuildPhase section */
		664DAB2B1479641B00C669D5 /* Frameworks */ = {
			isa = PBXFrameworksBuildPhase;
			buildActionMask = 2147483647;
			files = (
				664DAB331479641B00C669D5 /* Foundation.framework in Frameworks */,
			);
			runOnlyForDeploymentPostprocessing = 0;
		};
/* End PBXFrameworksBuildPhase section */

/* Begin PBXGroup section */
		664DAB231479641B00C669D5 = {
			isa = PBXGroup;
			children = (
				664DAB341479641B00C669D5 /* SimpleEncoding */,
				664DAB311479641B00C669D5 /* Frameworks */,
				664DAB2F1479641B00C669D5 /* Products */,
			);
			sourceTree = "<group>";
		};
		664DAB2F1479641B00C669D5 /* Products */ = {
			isa = PBXGroup;
			children = (
				664DAB2E1479641B00C669D5 /* SimpleEncoding */,
			);
			name = Products;
			sourceTree = "<group>";
		};
		664DAB311479641B00C669D5 /* Frameworks */ = {
			isa = PBXGroup;
			children = (
				664DAB321479641B00C669D5 /* Foundation.framework */,
			);
			name = Frameworks;
			sourceTree = "<group>";
		};
		664DAB341479641B00C669D5 /* SimpleEncoding */ = {
			isa = PBXGroup;
			children = (
				664DAB351479641B00C669D5 /* main.m */,
				664DAB391479641B00C669D5 /* SimpleEncoding.1 */,
				664DAB371479641B00C669D5 /* Supporting Files */,
			);
			path = SimpleEncoding;
			sourceTree = "<group>";
		};
		664DAB371479641B00C669D5 /* Supporting Files */ = {
			isa = PBXGroup;
			children = (
				664DAB381479641B00C669D5 /* SimpleEncoding-Prefix.pch */,
			);
			name = "Supporting Files";
			sourceTree = "<group>";
		};
/* End PBXGroup section */

/* Begin PBXNativeTarget section */
		664DAB2D1479641B00C669D5 /* SimpleEncoding */ = {
			isa = PBXNativeTarget;
			buildConfigurationList = 664DAB3D1479641B00C669D5 /* Build configuration list for PBXNativeTarget "SimpleEncoding" */;
			buildPhases = (
				664DAB2A1479641B00C669D5 /* Sources */,
				664DAB2B1479641B00C669D5 /* Frameworks */,
				664DAB2C1479641B00C669D5 /* CopyFiles */,
			);
			buildRules = (
			);
			dependencies = (
			);
			name = SimpleEncoding;
			productName = SimpleEncoding;
			productReference = 664DAB2E1479641B00C669D5 /* SimpleEncoding */;
			productType = "com.apple.product-type.tool";
		};
/* End PBXNativeTarget section */

/* Begin PBXProject section */
		664DAB251479641B00C669D5 /* Project object */ = {
			isa = PBXProject;
			attributes = {
				LastUpgradeCheck = 0420;
				ORGANIZATIONNAME = "Stour Valley Designs";
			};
			buildConfigurationList = 664DAB281479641B00C669D5 /* Build configuration list for PBXProject "SimpleEncoding" */;
			compatibilityVersion = "Xcode 3.2";
			developmentRegion = English;
			hasScannedForEncodings = 0;
			knownRegions = (
				en,
			);
			mainGroup = 664DAB231479641B00C669D5;
			productRefGroup = 664DAB2F1479641B00C669D5 /* Products */;
			projectDirPath = "";
			projectRoot = "";
			targets = (
				664DAB2D1479641B00C669D5 /* SimpleEncoding */,
			);
		};
/* End PBXProject section */

/* Begin PBXSourcesBuildPhase section */
		664DAB2A1479641B00C669D5 /* Sources */ = {
			isa = PBXSourcesBuildPhase;
			buildActionMask = 2147483647;
			files = (
				664DAB361479641B00C669D5 /* main.m in Sources */,
			);
			runOnlyForDeploymentPostprocessing = 0;
		};
/* End PBXSourcesBuildPhase section */

/* Begin XCBuildConfiguration section */
		664DAB3B1479641B00C669D5 /* Debug */ = {
			isa = XCBuildConfiguration;
			buildSettings = {
				ALWAYS_SEARCH_USER_PATHS = NO;
				ARCHS = "$(ARCHS_STANDARD_64_BIT)";
				COPY_PHASE_STRIP = NO;
				GCC_C_LANGUAGE_STANDARD = gnu99;
				GCC_DYNAMIC_NO_PIC = NO;
				GCC_ENABLE_OBJC_EXCEPTIONS = YES;
				GCC_OPTIMIZATION_LEVEL = 0;
				GCC_PREPROCESSOR_DEFINITIONS = (
					"DEBUG=1",
					"$(inherited)",
				);
				GCC_SYMBOLS_PRIVATE_EXTERN = NO;
				GCC_VERSION = com.apple.compilers.llvm.clang.1_0;
				GCC_WARN_64_TO_32_BIT_CONVERSION = YES;
				GCC_WARN_ABOUT_MISSING_PROTOTYPES = YES;
				GCC_WARN_ABOUT_RETURN_TYPE = YES;
				GCC_WARN_UNUSED_VARIABLE = YES;
				MACOSX_DEPLOYMENT_TARGET = 10.7;
				ONLY_ACTIVE_ARCH = YES;
				SDKROOT = macosx;
			};
			name = Debug;
		};
		664DAB3C1479641B00C669D5 /* Release */ = {
			isa = XCBuildConfiguration;
			buildSettings = {
				ALWAYS_SEARCH_USER_PATHS = NO;
				ARCHS = "$(ARCHS_STANDARD_64_BIT)";
				COPY_PHASE_STRIP = YES;
				DEBUG_INFORMATION_FORMAT = "dwarf-with-dsym";
				GCC_C_LANGUAGE_STANDARD = gnu99;
				GCC_ENABLE_OBJC_EXCEPTIONS = YES;
				GCC_VERSION = com.apple.compilers.llvm.clang.1_0;
				GCC_WARN_64_TO_32_BIT_CONVERSION = YES;
				GCC_WARN_ABOUT_MISSING_PROTOTYPES = YES;
				GCC_WARN_ABOUT_RETURN_TYPE = YES;
				GCC_WARN_UNUSED_VARIABLE = YES;
				MACOSX_DEPLOYMENT_TARGET = 10.7;
				SDKROOT = macosx;
			};
			name = Release;
		};
		664DAB3E1479641B00C669D5 /* Debug */ = {
			isa = XCBuildConfiguration;
			buildSettings = {
				GCC_PRECOMPILE_PREFIX_HEADER = YES;
				GCC_PREFIX_HEADER = "SimpleEncoding/SimpleEncoding-Prefix.pch";
				PRODUCT_NAME = "$(TARGET_NAME)";
			};
			name = Debug;
		};
		664DAB3F1479641B00C669D5 /* Release */ = {
			isa = XCBuildConfiguration;
			buildSettings = {
				GCC_PRECOMPILE_PREFIX_HEADER = YES;
				GCC_PREFIX_HEADER = "SimpleEncoding/SimpleEncoding-Prefix.pch";
				PRODUCT_NAME = "$(TARGET_NAME)";
			};
			name = Release;
		};
/* End XCBuildConfiguration section */

/* Begin XCConfigurationList section */
		664DAB281479641B00C669D5 /* Build configuration list for PBXProject "SimpleEncoding" */ = {
			isa = XCConfigurationList;
			buildConfigurations = (
				664DAB3B1479641B00C669D5 /* Debug */,
				664DAB3C1479641B00C669D5 /* Release */,
			);
			defaultConfigurationIsVisible = 0;
			defaultConfigurationName = Release;
		};
		664DAB3D1479641B00C669D5 /* Build configuration list for PBXNativeTarget "SimpleEncoding" */ = {
			isa = XCConfigurationList;
			buildConfigurations = (
				664DAB3E1479641B00C669D5 /* Debug */,
				664DAB3F1479641B00C669D5 /* Release */,
			);
			defaultConfigurationIsVisible = 0;
		};
/* End XCConfigurationList section */
	};
	rootObject = 664DAB251479641B00C669D5 /* Project object */;
}
