// !$*UTF8*$!
{
	archiveVersion = 1;
	classes = {
	};
	objectVersion = 46;
	objects = {

/* Begin PBXBuildFile section */
		6671E5CF1494F53100256C7B /* main.c in Sources */ = {isa = PBXBuildFile; fileRef = 6671E5CE1494F53100256C7B /* main.c */; };
		6671E5D11494F53100256C7B /* BMICalc.1 in CopyFiles */ = {isa = PBXBuildFile; fileRef = 6671E5D01494F53100256C7B /* BMICalc.1 */; };
/* End PBXBuildFile section */

/* Begin PBXCopyFilesBuildPhase section */
		6671E5C81494F53100256C7B /* CopyFiles */ = {
			isa = PBXCopyFilesBuildPhase;
			buildActionMask = 2147483647;
			dstPath = /usr/share/man/man1/;
			dstSubfolderSpec = 0;
			files = (
				6671E5D11494F53100256C7B /* BMICalc.1 in CopyFiles */,
			);
			runOnlyForDeploymentPostprocessing = 1;
		};
/* End PBXCopyFilesBuildPhase section */

/* Begin PBXFileReference section */
		6671E5CA1494F53100256C7B /* BMICalc */ = {isa = PBXFileReference; explicitFileType = "compiled.mach-o.executable"; includeInIndex = 0; path = BMICalc; sourceTree = BUILT_PRODUCTS_DIR; };
		6671E5CE1494F53100256C7B /* main.c */ = {isa = PBXFileReference; lastKnownFileType = sourcecode.c.c; path = main.c; sourceTree = "<group>"; };
		6671E5D01494F53100256C7B /* BMICalc.1 */ = {isa = PBXFileReference; lastKnownFileType = text.man; path = BMICalc.1; sourceTree = "<group>"; };
/* End PBXFileReference section */

/* Begin PBXFrameworksBuildPhase section */
		6671E5C71494F53100256C7B /* Frameworks */ = {
			isa = PBXFrameworksBuildPhase;
			buildActionMask = 2147483647;
			files = (
			);
			runOnlyForDeploymentPostprocessing = 0;
		};
/* End PBXFrameworksBuildPhase section */

/* Begin PBXGroup section */
		6671E5BF1494F53100256C7B = {
			isa = PBXGroup;
			children = (
				6671E5CD1494F53100256C7B /* BMICalc */,
				6671E5CB1494F53100256C7B /* Products */,
			);
			sourceTree = "<group>";
		};
		6671E5CB1494F53100256C7B /* Products */ = {
			isa = PBXGroup;
			children = (
				6671E5CA1494F53100256C7B /* BMICalc */,
			);
			name = Products;
			sourceTree = "<group>";
		};
		6671E5CD1494F53100256C7B /* BMICalc */ = {
			isa = PBXGroup;
			children = (
				6671E5CE1494F53100256C7B /* main.c */,
				6671E5D01494F53100256C7B /* BMICalc.1 */,
			);
			path = BMICalc;
			sourceTree = "<group>";
		};
/* End PBXGroup section */

/* Begin PBXNativeTarget section */
		6671E5C91494F53100256C7B /* BMICalc */ = {
			isa = PBXNativeTarget;
			buildConfigurationList = 6671E5D41494F53100256C7B /* Build configuration list for PBXNativeTarget "BMICalc" */;
			buildPhases = (
				6671E5C61494F53100256C7B /* Sources */,
				6671E5C71494F53100256C7B /* Frameworks */,
				6671E5C81494F53100256C7B /* CopyFiles */,
			);
			buildRules = (
			);
			dependencies = (
			);
			name = BMICalc;
			productName = BMICalc;
			productReference = 6671E5CA1494F53100256C7B /* BMICalc */;
			productType = "com.apple.product-type.tool";
		};
/* End PBXNativeTarget section */

/* Begin PBXProject section */
		6671E5C11494F53100256C7B /* Project object */ = {
			isa = PBXProject;
			attributes = {
				LastUpgradeCheck = 0420;
			};
			buildConfigurationList = 6671E5C41494F53100256C7B /* Build configuration list for PBXProject "BMICalc" */;
			compatibilityVersion = "Xcode 3.2";
			developmentRegion = English;
			hasScannedForEncodings = 0;
			knownRegions = (
				en,
			);
			mainGroup = 6671E5BF1494F53100256C7B;
			productRefGroup = 6671E5CB1494F53100256C7B /* Products */;
			projectDirPath = "";
			projectRoot = "";
			targets = (
				6671E5C91494F53100256C7B /* BMICalc */,
			);
		};
/* End PBXProject section */

/* Begin PBXSourcesBuildPhase section */
		6671E5C61494F53100256C7B /* Sources */ = {
			isa = PBXSourcesBuildPhase;
			buildActionMask = 2147483647;
			files = (
				6671E5CF1494F53100256C7B /* main.c in Sources */,
			);
			runOnlyForDeploymentPostprocessing = 0;
		};
/* End PBXSourcesBuildPhase section */

/* Begin XCBuildConfiguration section */
		6671E5D21494F53100256C7B /* Debug */ = {
			isa = XCBuildConfiguration;
			buildSettings = {
				ALWAYS_SEARCH_USER_PATHS = NO;
				ARCHS = "$(ARCHS_STANDARD_64_BIT)";
				CLANG_ENABLE_OBJC_ARC = YES;
				COPY_PHASE_STRIP = NO;
				GCC_C_LANGUAGE_STANDARD = gnu99;
				GCC_DYNAMIC_NO_PIC = NO;
				GCC_ENABLE_OBJC_EXCEPTIONS = YES;
				GCC_OPTIMIZATION_LEVEL = 0;
				GCC_PREPROCESSOR_DEFINITIONS = (
					"DEBUG=1",
					"$(inherited)",
				);
				GCC_SYMBOLS_PRIVATE_EXTERN = NO;
				GCC_VERSION = com.apple.compilers.llvm.clang.1_0;
				GCC_WARN_64_TO_32_BIT_CONVERSION = YES;
				GCC_WARN_ABOUT_MISSING_PROTOTYPES = YES;
				GCC_WARN_ABOUT_RETURN_TYPE = YES;
				GCC_WARN_UNUSED_VARIABLE = YES;
				MACOSX_DEPLOYMENT_TARGET = 10.7;
				ONLY_ACTIVE_ARCH = YES;
				SDKROOT = macosx;
			};
			name = Debug;
		};
		6671E5D31494F53100256C7B /* Release */ = {
			isa = XCBuildConfiguration;
			buildSettings = {
				ALWAYS_SEARCH_USER_PATHS = NO;
				ARCHS = "$(ARCHS_STANDARD_64_BIT)";
				CLANG_ENABLE_OBJC_ARC = YES;
				COPY_PHASE_STRIP = YES;
				DEBUG_INFORMATION_FORMAT = "dwarf-with-dsym";
				GCC_C_LANGUAGE_STANDARD = gnu99;
				GCC_ENABLE_OBJC_EXCEPTIONS = YES;
				GCC_VERSION = com.apple.compilers.llvm.clang.1_0;
				GCC_WARN_64_TO_32_BIT_CONVERSION = YES;
				GCC_WARN_ABOUT_MISSING_PROTOTYPES = YES;
				GCC_WARN_ABOUT_RETURN_TYPE = YES;
				GCC_WARN_UNUSED_VARIABLE = YES;
				MACOSX_DEPLOYMENT_TARGET = 10.7;
				SDKROOT = macosx;
			};
			name = Release;
		};
		6671E5D51494F53100256C7B /* Debug */ = {
			isa = XCBuildConfiguration;
			buildSettings = {
				GCC_WARN_ABOUT_MISSING_PROTOTYPES = NO;
				PRODUCT_NAME = "$(TARGET_NAME)";
			};
			name = Debug;
		};
		6671E5D61494F53100256C7B /* Release */ = {
			isa = XCBuildConfiguration;
			buildSettings = {
				GCC_WARN_ABOUT_MISSING_PROTOTYPES = NO;
				PRODUCT_NAME = "$(TARGET_NAME)";
			};
			name = Release;
		};
/* End XCBuildConfiguration section */

/* Begin XCConfigurationList section */
		6671E5C41494F53100256C7B /* Build configuration list for PBXProject "BMICalc" */ = {
			isa = XCConfigurationList;
			buildConfigurations = (
				6671E5D21494F53100256C7B /* Debug */,
				6671E5D31494F53100256C7B /* Release */,
			);
			defaultConfigurationIsVisible = 0;
			defaultConfigurationName = Release;
		};
		6671E5D41494F53100256C7B /* Build configuration list for PBXNativeTarget "BMICalc" */ = {
			isa = XCConfigurationList;
			buildConfigurations = (
				6671E5D51494F53100256C7B /* Debug */,
				6671E5D61494F53100256C7B /* Release */,
			);
			defaultConfigurationIsVisible = 0;
		};
/* End XCConfigurationList section */
	};
	rootObject = 6671E5C11494F53100256C7B /* Project object */;
}
