// !$*UTF8*$!
{
	archiveVersion = 1;
	classes = {
	};
	objectVersion = 46;
	objects = {

/* Begin PBXBuildFile section */
		6671E59F1494E97D00256C7B /* main.c in Sources */ = {isa = PBXBuildFile; fileRef = 6671E59E1494E97D00256C7B /* main.c */; };
		6671E5A11494E97D00256C7B /* FloatChallenge.1 in CopyFiles */ = {isa = PBXBuildFile; fileRef = 6671E5A01494E97D00256C7B /* FloatChallenge.1 */; };
/* End PBXBuildFile section */

/* Begin PBXCopyFilesBuildPhase section */
		6671E5981494E97D00256C7B /* CopyFiles */ = {
			isa = PBXCopyFilesBuildPhase;
			buildActionMask = 2147483647;
			dstPath = /usr/share/man/man1/;
			dstSubfolderSpec = 0;
			files = (
				6671E5A11494E97D00256C7B /* FloatChallenge.1 in CopyFiles */,
			);
			runOnlyForDeploymentPostprocessing = 1;
		};
/* End PBXCopyFilesBuildPhase section */

/* Begin PBXFileReference section */
		6671E59A1494E97D00256C7B /* FloatChallenge */ = {isa = PBXFileReference; explicitFileType = "compiled.mach-o.executable"; includeInIndex = 0; path = FloatChallenge; sourceTree = BUILT_PRODUCTS_DIR; };
		6671E59E1494E97D00256C7B /* main.c */ = {isa = PBXFileReference; lastKnownFileType = sourcecode.c.c; path = main.c; sourceTree = "<group>"; };
		6671E5A01494E97D00256C7B /* FloatChallenge.1 */ = {isa = PBXFileReference; lastKnownFileType = text.man; path = FloatChallenge.1; sourceTree = "<group>"; };
/* End PBXFileReference section */

/* Begin PBXFrameworksBuildPhase section */
		6671E5971494E97D00256C7B /* Frameworks */ = {
			isa = PBXFrameworksBuildPhase;
			buildActionMask = 2147483647;
			files = (
			);
			runOnlyForDeploymentPostprocessing = 0;
		};
/* End PBXFrameworksBuildPhase section */

/* Begin PBXGroup section */
		6671E58F1494E97D00256C7B = {
			isa = PBXGroup;
			children = (
				6671E59D1494E97D00256C7B /* FloatChallenge */,
				6671E59B1494E97D00256C7B /* Products */,
			);
			sourceTree = "<group>";
		};
		6671E59B1494E97D00256C7B /* Products */ = {
			isa = PBXGroup;
			children = (
				6671E59A1494E97D00256C7B /* FloatChallenge */,
			);
			name = Products;
			sourceTree = "<group>";
		};
		6671E59D1494E97D00256C7B /* FloatChallenge */ = {
			isa = PBXGroup;
			children = (
				6671E59E1494E97D00256C7B /* main.c */,
				6671E5A01494E97D00256C7B /* FloatChallenge.1 */,
			);
			path = FloatChallenge;
			sourceTree = "<group>";
		};
/* End PBXGroup section */

/* Begin PBXNativeTarget section */
		6671E5991494E97D00256C7B /* FloatChallenge */ = {
			isa = PBXNativeTarget;
			buildConfigurationList = 6671E5A41494E97D00256C7B /* Build configuration list for PBXNativeTarget "FloatChallenge" */;
			buildPhases = (
				6671E5961494E97D00256C7B /* Sources */,
				6671E5971494E97D00256C7B /* Frameworks */,
				6671E5981494E97D00256C7B /* CopyFiles */,
			);
			buildRules = (
			);
			dependencies = (
			);
			name = FloatChallenge;
			productName = FloatChallenge;
			productReference = 6671E59A1494E97D00256C7B /* FloatChallenge */;
			productType = "com.apple.product-type.tool";
		};
/* End PBXNativeTarget section */

/* Begin PBXProject section */
		6671E5911494E97D00256C7B /* Project object */ = {
			isa = PBXProject;
			attributes = {
				LastUpgradeCheck = 0420;
			};
			buildConfigurationList = 6671E5941494E97D00256C7B /* Build configuration list for PBXProject "FloatChallenge" */;
			compatibilityVersion = "Xcode 3.2";
			developmentRegion = English;
			hasScannedForEncodings = 0;
			knownRegions = (
				en,
			);
			mainGroup = 6671E58F1494E97D00256C7B;
			productRefGroup = 6671E59B1494E97D00256C7B /* Products */;
			projectDirPath = "";
			projectRoot = "";
			targets = (
				6671E5991494E97D00256C7B /* FloatChallenge */,
			);
		};
/* End PBXProject section */

/* Begin PBXSourcesBuildPhase section */
		6671E5961494E97D00256C7B /* Sources */ = {
			isa = PBXSourcesBuildPhase;
			buildActionMask = 2147483647;
			files = (
				6671E59F1494E97D00256C7B /* main.c in Sources */,
			);
			runOnlyForDeploymentPostprocessing = 0;
		};
/* End PBXSourcesBuildPhase section */

/* Begin XCBuildConfiguration section */
		6671E5A21494E97D00256C7B /* Debug */ = {
			isa = XCBuildConfiguration;
			buildSettings = {
				ALWAYS_SEARCH_USER_PATHS = NO;
				ARCHS = "$(ARCHS_STANDARD_64_BIT)";
				CLANG_ENABLE_OBJC_ARC = YES;
				COPY_PHASE_STRIP = NO;
				GCC_C_LANGUAGE_STANDARD = gnu99;
				GCC_DYNAMIC_NO_PIC = NO;
				GCC_ENABLE_OBJC_EXCEPTIONS = YES;
				GCC_OPTIMIZATION_LEVEL = 0;
				GCC_PREPROCESSOR_DEFINITIONS = (
					"DEBUG=1",
					"$(inherited)",
				);
				GCC_SYMBOLS_PRIVATE_EXTERN = NO;
				GCC_VERSION = com.apple.compilers.llvm.clang.1_0;
				GCC_WARN_64_TO_32_BIT_CONVERSION = YES;
				GCC_WARN_ABOUT_MISSING_PROTOTYPES = YES;
				GCC_WARN_ABOUT_RETURN_TYPE = YES;
				GCC_WARN_UNUSED_VARIABLE = YES;
				MACOSX_DEPLOYMENT_TARGET = 10.7;
				ONLY_ACTIVE_ARCH = YES;
				SDKROOT = macosx;
			};
			name = Debug;
		};
		6671E5A31494E97D00256C7B /* Release */ = {
			isa = XCBuildConfiguration;
			buildSettings = {
				ALWAYS_SEARCH_USER_PATHS = NO;
				ARCHS = "$(ARCHS_STANDARD_64_BIT)";
				CLANG_ENABLE_OBJC_ARC = YES;
				COPY_PHASE_STRIP = YES;
				DEBUG_INFORMATION_FORMAT = "dwarf-with-dsym";
				GCC_C_LANGUAGE_STANDARD = gnu99;
				GCC_ENABLE_OBJC_EXCEPTIONS = YES;
				GCC_VERSION = com.apple.compilers.llvm.clang.1_0;
				GCC_WARN_64_TO_32_BIT_CONVERSION = YES;
				GCC_WARN_ABOUT_MISSING_PROTOTYPES = YES;
				GCC_WARN_ABOUT_RETURN_TYPE = YES;
				GCC_WARN_UNUSED_VARIABLE = YES;
				MACOSX_DEPLOYMENT_TARGET = 10.7;
				SDKROOT = macosx;
			};
			name = Release;
		};
		6671E5A51494E97D00256C7B /* Debug */ = {
			isa = XCBuildConfiguration;
			buildSettings = {
				PRODUCT_NAME = "$(TARGET_NAME)";
			};
			name = Debug;
		};
		6671E5A61494E97D00256C7B /* Release */ = {
			isa = XCBuildConfiguration;
			buildSettings = {
				PRODUCT_NAME = "$(TARGET_NAME)";
			};
			name = Release;
		};
/* End XCBuildConfiguration section */

/* Begin XCConfigurationList section */
		6671E5941494E97D00256C7B /* Build configuration list for PBXProject "FloatChallenge" */ = {
			isa = XCConfigurationList;
			buildConfigurations = (
				6671E5A21494E97D00256C7B /* Debug */,
				6671E5A31494E97D00256C7B /* Release */,
			);
			defaultConfigurationIsVisible = 0;
			defaultConfigurationName = Release;
		};
		6671E5A41494E97D00256C7B /* Build configuration list for PBXNativeTarget "FloatChallenge" */ = {
			isa = XCConfigurationList;
			buildConfigurations = (
				6671E5A51494E97D00256C7B /* Debug */,
				6671E5A61494E97D00256C7B /* Release */,
			);
			defaultConfigurationIsVisible = 0;
		};
/* End XCConfigurationList section */
	};
	rootObject = 6671E5911494E97D00256C7B /* Project object */;
}
