// !$*UTF8*$!
{
	archiveVersion = 1;
	classes = {
	};
	objectVersion = 46;
	objects = {

/* Begin PBXBuildFile section */
		662FE718148EA6940039109D /* main.c in Sources */ = {isa = PBXBuildFile; fileRef = 662FE717148EA6940039109D /* main.c */; };
		662FE71A148EA6940039109D /* TwoFloats.1 in CopyFiles */ = {isa = PBXBuildFile; fileRef = 662FE719148EA6940039109D /* TwoFloats.1 */; };
/* End PBXBuildFile section */

/* Begin PBXCopyFilesBuildPhase section */
		662FE711148EA6940039109D /* CopyFiles */ = {
			isa = PBXCopyFilesBuildPhase;
			buildActionMask = 2147483647;
			dstPath = /usr/share/man/man1/;
			dstSubfolderSpec = 0;
			files = (
				662FE71A148EA6940039109D /* TwoFloats.1 in CopyFiles */,
			);
			runOnlyForDeploymentPostprocessing = 1;
		};
/* End PBXCopyFilesBuildPhase section */

/* Begin PBXFileReference section */
		662FE713148EA6940039109D /* TwoFloats */ = {isa = PBXFileReference; explicitFileType = "compiled.mach-o.executable"; includeInIndex = 0; path = TwoFloats; sourceTree = BUILT_PRODUCTS_DIR; };
		662FE717148EA6940039109D /* main.c */ = {isa = PBXFileReference; lastKnownFileType = sourcecode.c.c; path = main.c; sourceTree = "<group>"; };
		662FE719148EA6940039109D /* TwoFloats.1 */ = {isa = PBXFileReference; lastKnownFileType = text.man; path = TwoFloats.1; sourceTree = "<group>"; };
/* End PBXFileReference section */

/* Begin PBXFrameworksBuildPhase section */
		662FE710148EA6940039109D /* Frameworks */ = {
			isa = PBXFrameworksBuildPhase;
			buildActionMask = 2147483647;
			files = (
			);
			runOnlyForDeploymentPostprocessing = 0;
		};
/* End PBXFrameworksBuildPhase section */

/* Begin PBXGroup section */
		662FE708148EA6940039109D = {
			isa = PBXGroup;
			children = (
				662FE716148EA6940039109D /* TwoFloats */,
				662FE714148EA6940039109D /* Products */,
			);
			sourceTree = "<group>";
		};
		662FE714148EA6940039109D /* Products */ = {
			isa = PBXGroup;
			children = (
				662FE713148EA6940039109D /* TwoFloats */,
			);
			name = Products;
			sourceTree = "<group>";
		};
		662FE716148EA6940039109D /* TwoFloats */ = {
			isa = PBXGroup;
			children = (
				662FE717148EA6940039109D /* main.c */,
				662FE719148EA6940039109D /* TwoFloats.1 */,
			);
			path = TwoFloats;
			sourceTree = "<group>";
		};
/* End PBXGroup section */

/* Begin PBXNativeTarget section */
		662FE712148EA6940039109D /* TwoFloats */ = {
			isa = PBXNativeTarget;
			buildConfigurationList = 662FE71D148EA6940039109D /* Build configuration list for PBXNativeTarget "TwoFloats" */;
			buildPhases = (
				662FE70F148EA6940039109D /* Sources */,
				662FE710148EA6940039109D /* Frameworks */,
				662FE711148EA6940039109D /* CopyFiles */,
			);
			buildRules = (
			);
			dependencies = (
			);
			name = TwoFloats;
			productName = TwoFloats;
			productReference = 662FE713148EA6940039109D /* TwoFloats */;
			productType = "com.apple.product-type.tool";
		};
/* End PBXNativeTarget section */

/* Begin PBXProject section */
		662FE70A148EA6940039109D /* Project object */ = {
			isa = PBXProject;
			attributes = {
				LastUpgradeCheck = 0420;
				ORGANIZATIONNAME = "Stour Valley Designs";
			};
			buildConfigurationList = 662FE70D148EA6940039109D /* Build configuration list for PBXProject "TwoFloats" */;
			compatibilityVersion = "Xcode 3.2";
			developmentRegion = English;
			hasScannedForEncodings = 0;
			knownRegions = (
				en,
			);
			mainGroup = 662FE708148EA6940039109D;
			productRefGroup = 662FE714148EA6940039109D /* Products */;
			projectDirPath = "";
			projectRoot = "";
			targets = (
				662FE712148EA6940039109D /* TwoFloats */,
			);
		};
/* End PBXProject section */

/* Begin PBXSourcesBuildPhase section */
		662FE70F148EA6940039109D /* Sources */ = {
			isa = PBXSourcesBuildPhase;
			buildActionMask = 2147483647;
			files = (
				662FE718148EA6940039109D /* main.c in Sources */,
			);
			runOnlyForDeploymentPostprocessing = 0;
		};
/* End PBXSourcesBuildPhase section */

/* Begin XCBuildConfiguration section */
		662FE71B148EA6940039109D /* Debug */ = {
			isa = XCBuildConfiguration;
			buildSettings = {
				ALWAYS_SEARCH_USER_PATHS = NO;
				ARCHS = "$(ARCHS_STANDARD_64_BIT)";
				COPY_PHASE_STRIP = NO;
				GCC_C_LANGUAGE_STANDARD = gnu99;
				GCC_DYNAMIC_NO_PIC = NO;
				GCC_ENABLE_OBJC_EXCEPTIONS = YES;
				GCC_OPTIMIZATION_LEVEL = 0;
				GCC_PREPROCESSOR_DEFINITIONS = (
					"DEBUG=1",
					"$(inherited)",
				);
				GCC_SYMBOLS_PRIVATE_EXTERN = NO;
				GCC_VERSION = com.apple.compilers.llvm.clang.1_0;
				GCC_WARN_64_TO_32_BIT_CONVERSION = YES;
				GCC_WARN_ABOUT_MISSING_PROTOTYPES = YES;
				GCC_WARN_ABOUT_RETURN_TYPE = YES;
				GCC_WARN_UNUSED_VARIABLE = YES;
				MACOSX_DEPLOYMENT_TARGET = 10.7;
				ONLY_ACTIVE_ARCH = YES;
				SDKROOT = macosx;
			};
			name = Debug;
		};
		662FE71C148EA6940039109D /* Release */ = {
			isa = XCBuildConfiguration;
			buildSettings = {
				ALWAYS_SEARCH_USER_PATHS = NO;
				ARCHS = "$(ARCHS_STANDARD_64_BIT)";
				COPY_PHASE_STRIP = YES;
				DEBUG_INFORMATION_FORMAT = "dwarf-with-dsym";
				GCC_C_LANGUAGE_STANDARD = gnu99;
				GCC_ENABLE_OBJC_EXCEPTIONS = YES;
				GCC_VERSION = com.apple.compilers.llvm.clang.1_0;
				GCC_WARN_64_TO_32_BIT_CONVERSION = YES;
				GCC_WARN_ABOUT_MISSING_PROTOTYPES = YES;
				GCC_WARN_ABOUT_RETURN_TYPE = YES;
				GCC_WARN_UNUSED_VARIABLE = YES;
				MACOSX_DEPLOYMENT_TARGET = 10.7;
				SDKROOT = macosx;
			};
			name = Release;
		};
		662FE71E148EA6940039109D /* Debug */ = {
			isa = XCBuildConfiguration;
			buildSettings = {
				PRODUCT_NAME = "$(TARGET_NAME)";
			};
			name = Debug;
		};
		662FE71F148EA6940039109D /* Release */ = {
			isa = XCBuildConfiguration;
			buildSettings = {
				PRODUCT_NAME = "$(TARGET_NAME)";
			};
			name = Release;
		};
/* End XCBuildConfiguration section */

/* Begin XCConfigurationList section */
		662FE70D148EA6940039109D /* Build configuration list for PBXProject "TwoFloats" */ = {
			isa = XCConfigurationList;
			buildConfigurations = (
				662FE71B148EA6940039109D /* Debug */,
				662FE71C148EA6940039109D /* Release */,
			);
			defaultConfigurationIsVisible = 0;
			defaultConfigurationName = Release;
		};
		662FE71D148EA6940039109D /* Build configuration list for PBXNativeTarget "TwoFloats" */ = {
			isa = XCConfigurationList;
			buildConfigurations = (
				662FE71E148EA6940039109D /* Debug */,
				662FE71F148EA6940039109D /* Release */,
			);
			defaultConfigurationIsVisible = 0;
		};
/* End XCConfigurationList section */
	};
	rootObject = 662FE70A148EA6940039109D /* Project object */;
}
