// !$*UTF8*$!
{
	archiveVersion = 1;
	classes = {
	};
	objectVersion = 46;
	objects = {

/* Begin PBXBuildFile section */
		663D080A15CC131D001E462E /* Cocoa.framework in Frameworks */ = {isa = PBXBuildFile; fileRef = 663D080915CC131D001E462E /* Cocoa.framework */; };
		663D081415CC131D001E462E /* InfoPlist.strings in Resources */ = {isa = PBXBuildFile; fileRef = 663D081215CC131D001E462E /* InfoPlist.strings */; };
		663D081615CC131D001E462E /* main.m in Sources */ = {isa = PBXBuildFile; fileRef = 663D081515CC131D001E462E /* main.m */; };
		663D081A15CC131D001E462E /* Credits.rtf in Resources */ = {isa = PBXBuildFile; fileRef = 663D081815CC131D001E462E /* Credits.rtf */; };
		663D081D15CC131D001E462E /* AppDelegate.m in Sources */ = {isa = PBXBuildFile; fileRef = 663D081C15CC131D001E462E /* AppDelegate.m */; };
		663D082015CC131E001E462E /* MainMenu.xib in Resources */ = {isa = PBXBuildFile; fileRef = 663D081E15CC131E001E462E /* MainMenu.xib */; };
/* End PBXBuildFile section */

/* Begin PBXFileReference section */
		663D080515CC131D001E462E /* BasicInteraction.app */ = {isa = PBXFileReference; explicitFileType = wrapper.application; includeInIndex = 0; path = BasicInteraction.app; sourceTree = BUILT_PRODUCTS_DIR; };
		663D080915CC131D001E462E /* Cocoa.framework */ = {isa = PBXFileReference; lastKnownFileType = wrapper.framework; name = Cocoa.framework; path = System/Library/Frameworks/Cocoa.framework; sourceTree = SDKROOT; };
		663D080C15CC131D001E462E /* AppKit.framework */ = {isa = PBXFileReference; lastKnownFileType = wrapper.framework; name = AppKit.framework; path = System/Library/Frameworks/AppKit.framework; sourceTree = SDKROOT; };
		663D080D15CC131D001E462E /* CoreData.framework */ = {isa = PBXFileReference; lastKnownFileType = wrapper.framework; name = CoreData.framework; path = System/Library/Frameworks/CoreData.framework; sourceTree = SDKROOT; };
		663D080E15CC131D001E462E /* Foundation.framework */ = {isa = PBXFileReference; lastKnownFileType = wrapper.framework; name = Foundation.framework; path = System/Library/Frameworks/Foundation.framework; sourceTree = SDKROOT; };
		663D081115CC131D001E462E /* BasicInteraction-Info.plist */ = {isa = PBXFileReference; lastKnownFileType = text.plist.xml; path = "BasicInteraction-Info.plist"; sourceTree = "<group>"; };
		663D081315CC131D001E462E /* en */ = {isa = PBXFileReference; lastKnownFileType = text.plist.strings; name = en; path = en.lproj/InfoPlist.strings; sourceTree = "<group>"; };
		663D081515CC131D001E462E /* main.m */ = {isa = PBXFileReference; lastKnownFileType = sourcecode.c.objc; path = main.m; sourceTree = "<group>"; };
		663D081715CC131D001E462E /* BasicInteraction-Prefix.pch */ = {isa = PBXFileReference; lastKnownFileType = sourcecode.c.h; path = "BasicInteraction-Prefix.pch"; sourceTree = "<group>"; };
		663D081915CC131D001E462E /* en */ = {isa = PBXFileReference; lastKnownFileType = text.rtf; name = en; path = en.lproj/Credits.rtf; sourceTree = "<group>"; };
		663D081B15CC131D001E462E /* AppDelegate.h */ = {isa = PBXFileReference; lastKnownFileType = sourcecode.c.h; path = AppDelegate.h; sourceTree = "<group>"; };
		663D081C15CC131D001E462E /* AppDelegate.m */ = {isa = PBXFileReference; lastKnownFileType = sourcecode.c.objc; path = AppDelegate.m; sourceTree = "<group>"; };
		663D081F15CC131E001E462E /* en */ = {isa = PBXFileReference; lastKnownFileType = file.xib; name = en; path = en.lproj/MainMenu.xib; sourceTree = "<group>"; };
/* End PBXFileReference section */

/* Begin PBXFrameworksBuildPhase section */
		663D080215CC131D001E462E /* Frameworks */ = {
			isa = PBXFrameworksBuildPhase;
			buildActionMask = 2147483647;
			files = (
				663D080A15CC131D001E462E /* Cocoa.framework in Frameworks */,
			);
			runOnlyForDeploymentPostprocessing = 0;
		};
/* End PBXFrameworksBuildPhase section */

/* Begin PBXGroup section */
		663D07FA15CC131D001E462E = {
			isa = PBXGroup;
			children = (
				663D080F15CC131D001E462E /* BasicInteraction */,
				663D080815CC131D001E462E /* Frameworks */,
				663D080615CC131D001E462E /* Products */,
			);
			sourceTree = "<group>";
		};
		663D080615CC131D001E462E /* Products */ = {
			isa = PBXGroup;
			children = (
				663D080515CC131D001E462E /* BasicInteraction.app */,
			);
			name = Products;
			sourceTree = "<group>";
		};
		663D080815CC131D001E462E /* Frameworks */ = {
			isa = PBXGroup;
			children = (
				663D080915CC131D001E462E /* Cocoa.framework */,
				663D080B15CC131D001E462E /* Other Frameworks */,
			);
			name = Frameworks;
			sourceTree = "<group>";
		};
		663D080B15CC131D001E462E /* Other Frameworks */ = {
			isa = PBXGroup;
			children = (
				663D080C15CC131D001E462E /* AppKit.framework */,
				663D080D15CC131D001E462E /* CoreData.framework */,
				663D080E15CC131D001E462E /* Foundation.framework */,
			);
			name = "Other Frameworks";
			sourceTree = "<group>";
		};
		663D080F15CC131D001E462E /* BasicInteraction */ = {
			isa = PBXGroup;
			children = (
				663D081B15CC131D001E462E /* AppDelegate.h */,
				663D081C15CC131D001E462E /* AppDelegate.m */,
				663D081E15CC131E001E462E /* MainMenu.xib */,
				663D081015CC131D001E462E /* Supporting Files */,
			);
			path = BasicInteraction;
			sourceTree = "<group>";
		};
		663D081015CC131D001E462E /* Supporting Files */ = {
			isa = PBXGroup;
			children = (
				663D081115CC131D001E462E /* BasicInteraction-Info.plist */,
				663D081215CC131D001E462E /* InfoPlist.strings */,
				663D081515CC131D001E462E /* main.m */,
				663D081715CC131D001E462E /* BasicInteraction-Prefix.pch */,
				663D081815CC131D001E462E /* Credits.rtf */,
			);
			name = "Supporting Files";
			sourceTree = "<group>";
		};
/* End PBXGroup section */

/* Begin PBXNativeTarget section */
		663D080415CC131D001E462E /* BasicInteraction */ = {
			isa = PBXNativeTarget;
			buildConfigurationList = 663D082315CC131E001E462E /* Build configuration list for PBXNativeTarget "BasicInteraction" */;
			buildPhases = (
				663D080115CC131D001E462E /* Sources */,
				663D080215CC131D001E462E /* Frameworks */,
				663D080315CC131D001E462E /* Resources */,
			);
			buildRules = (
			);
			dependencies = (
			);
			name = BasicInteraction;
			productName = BasicInteraction;
			productReference = 663D080515CC131D001E462E /* BasicInteraction.app */;
			productType = "com.apple.product-type.application";
		};
/* End PBXNativeTarget section */

/* Begin PBXProject section */
		663D07FC15CC131D001E462E /* Project object */ = {
			isa = PBXProject;
			attributes = {
				LastUpgradeCheck = 0440;
				ORGANIZATIONNAME = "Stour Valley Designs";
			};
			buildConfigurationList = 663D07FF15CC131D001E462E /* Build configuration list for PBXProject "BasicInteraction" */;
			compatibilityVersion = "Xcode 3.2";
			developmentRegion = English;
			hasScannedForEncodings = 0;
			knownRegions = (
				en,
			);
			mainGroup = 663D07FA15CC131D001E462E;
			productRefGroup = 663D080615CC131D001E462E /* Products */;
			projectDirPath = "";
			projectRoot = "";
			targets = (
				663D080415CC131D001E462E /* BasicInteraction */,
			);
		};
/* End PBXProject section */

/* Begin PBXResourcesBuildPhase section */
		663D080315CC131D001E462E /* Resources */ = {
			isa = PBXResourcesBuildPhase;
			buildActionMask = 2147483647;
			files = (
				663D081415CC131D001E462E /* InfoPlist.strings in Resources */,
				663D081A15CC131D001E462E /* Credits.rtf in Resources */,
				663D082015CC131E001E462E /* MainMenu.xib in Resources */,
			);
			runOnlyForDeploymentPostprocessing = 0;
		};
/* End PBXResourcesBuildPhase section */

/* Begin PBXSourcesBuildPhase section */
		663D080115CC131D001E462E /* Sources */ = {
			isa = PBXSourcesBuildPhase;
			buildActionMask = 2147483647;
			files = (
				663D081615CC131D001E462E /* main.m in Sources */,
				663D081D15CC131D001E462E /* AppDelegate.m in Sources */,
			);
			runOnlyForDeploymentPostprocessing = 0;
		};
/* End PBXSourcesBuildPhase section */

/* Begin PBXVariantGroup section */
		663D081215CC131D001E462E /* InfoPlist.strings */ = {
			isa = PBXVariantGroup;
			children = (
				663D081315CC131D001E462E /* en */,
			);
			name = InfoPlist.strings;
			sourceTree = "<group>";
		};
		663D081815CC131D001E462E /* Credits.rtf */ = {
			isa = PBXVariantGroup;
			children = (
				663D081915CC131D001E462E /* en */,
			);
			name = Credits.rtf;
			sourceTree = "<group>";
		};
		663D081E15CC131E001E462E /* MainMenu.xib */ = {
			isa = PBXVariantGroup;
			children = (
				663D081F15CC131E001E462E /* en */,
			);
			name = MainMenu.xib;
			sourceTree = "<group>";
		};
/* End PBXVariantGroup section */

/* Begin XCBuildConfiguration section */
		663D082115CC131E001E462E /* Debug */ = {
			isa = XCBuildConfiguration;
			buildSettings = {
				ALWAYS_SEARCH_USER_PATHS = NO;
				ARCHS = "$(ARCHS_STANDARD_64_BIT)";
				CLANG_CXX_LANGUAGE_STANDARD = "gnu++0x";
				CLANG_ENABLE_OBJC_ARC = YES;
				CLANG_WARN__DUPLICATE_METHOD_MATCH = YES;
				COPY_PHASE_STRIP = NO;
				GCC_C_LANGUAGE_STANDARD = gnu99;
				GCC_DYNAMIC_NO_PIC = NO;
				GCC_ENABLE_OBJC_EXCEPTIONS = YES;
				GCC_OPTIMIZATION_LEVEL = 0;
				GCC_PREPROCESSOR_DEFINITIONS = (
					"DEBUG=1",
					"$(inherited)",
				);
				GCC_SYMBOLS_PRIVATE_EXTERN = NO;
				GCC_WARN_64_TO_32_BIT_CONVERSION = YES;
				GCC_WARN_ABOUT_RETURN_TYPE = YES;
				GCC_WARN_UNINITIALIZED_AUTOS = YES;
				GCC_WARN_UNUSED_VARIABLE = YES;
				MACOSX_DEPLOYMENT_TARGET = 10.8;
				ONLY_ACTIVE_ARCH = YES;
				SDKROOT = macosx;
			};
			name = Debug;
		};
		663D082215CC131E001E462E /* Release */ = {
			isa = XCBuildConfiguration;
			buildSettings = {
				ALWAYS_SEARCH_USER_PATHS = NO;
				ARCHS = "$(ARCHS_STANDARD_64_BIT)";
				CLANG_CXX_LANGUAGE_STANDARD = "gnu++0x";
				CLANG_ENABLE_OBJC_ARC = YES;
				CLANG_WARN__DUPLICATE_METHOD_MATCH = YES;
				COPY_PHASE_STRIP = YES;
				DEBUG_INFORMATION_FORMAT = "dwarf-with-dsym";
				GCC_C_LANGUAGE_STANDARD = gnu99;
				GCC_ENABLE_OBJC_EXCEPTIONS = YES;
				GCC_WARN_64_TO_32_BIT_CONVERSION = YES;
				GCC_WARN_ABOUT_RETURN_TYPE = YES;
				GCC_WARN_UNINITIALIZED_AUTOS = YES;
				GCC_WARN_UNUSED_VARIABLE = YES;
				MACOSX_DEPLOYMENT_TARGET = 10.8;
				SDKROOT = macosx;
			};
			name = Release;
		};
		663D082415CC131E001E462E /* Debug */ = {
			isa = XCBuildConfiguration;
			buildSettings = {
				COMBINE_HIDPI_IMAGES = YES;
				GCC_PRECOMPILE_PREFIX_HEADER = YES;
				GCC_PREFIX_HEADER = "BasicInteraction/BasicInteraction-Prefix.pch";
				INFOPLIST_FILE = "BasicInteraction/BasicInteraction-Info.plist";
				PRODUCT_NAME = "$(TARGET_NAME)";
				WRAPPER_EXTENSION = app;
			};
			name = Debug;
		};
		663D082515CC131E001E462E /* Release */ = {
			isa = XCBuildConfiguration;
			buildSettings = {
				COMBINE_HIDPI_IMAGES = YES;
				GCC_PRECOMPILE_PREFIX_HEADER = YES;
				GCC_PREFIX_HEADER = "BasicInteraction/BasicInteraction-Prefix.pch";
				INFOPLIST_FILE = "BasicInteraction/BasicInteraction-Info.plist";
				PRODUCT_NAME = "$(TARGET_NAME)";
				WRAPPER_EXTENSION = app;
			};
			name = Release;
		};
/* End XCBuildConfiguration section */

/* Begin XCConfigurationList section */
		663D07FF15CC131D001E462E /* Build configuration list for PBXProject "BasicInteraction" */ = {
			isa = XCConfigurationList;
			buildConfigurations = (
				663D082115CC131E001E462E /* Debug */,
				663D082215CC131E001E462E /* Release */,
			);
			defaultConfigurationIsVisible = 0;
			defaultConfigurationName = Release;
		};
		663D082315CC131E001E462E /* Build configuration list for PBXNativeTarget "BasicInteraction" */ = {
			isa = XCConfigurationList;
			buildConfigurations = (
				663D082415CC131E001E462E /* Debug */,
				663D082515CC131E001E462E /* Release */,
			);
			defaultConfigurationIsVisible = 0;
		};
/* End XCConfigurationList section */
	};
	rootObject = 663D07FC15CC131D001E462E /* Project object */;
}
