// !$*UTF8*$!
{
	archiveVersion = 1;
	classes = {
	};
	objectVersion = 46;
	objects = {

/* Begin PBXBuildFile section */
		6639A765148FFF4600686749 /* main.c in Sources */ = {isa = PBXBuildFile; fileRef = 6639A764148FFF4600686749 /* main.c */; };
		6639A767148FFF4600686749 /* Number.1 in CopyFiles */ = {isa = PBXBuildFile; fileRef = 6639A766148FFF4600686749 /* Number.1 */; };
/* End PBXBuildFile section */

/* Begin PBXCopyFilesBuildPhase section */
		6639A75E148FFF4600686749 /* CopyFiles */ = {
			isa = PBXCopyFilesBuildPhase;
			buildActionMask = 2147483647;
			dstPath = /usr/share/man/man1/;
			dstSubfolderSpec = 0;
			files = (
				6639A767148FFF4600686749 /* Number.1 in CopyFiles */,
			);
			runOnlyForDeploymentPostprocessing = 1;
		};
/* End PBXCopyFilesBuildPhase section */

/* Begin PBXFileReference section */
		6639A760148FFF4600686749 /* Number */ = {isa = PBXFileReference; explicitFileType = "compiled.mach-o.executable"; includeInIndex = 0; path = Number; sourceTree = BUILT_PRODUCTS_DIR; };
		6639A764148FFF4600686749 /* main.c */ = {isa = PBXFileReference; lastKnownFileType = sourcecode.c.c; path = main.c; sourceTree = "<group>"; };
		6639A766148FFF4600686749 /* Number.1 */ = {isa = PBXFileReference; lastKnownFileType = text.man; path = Number.1; sourceTree = "<group>"; };
/* End PBXFileReference section */

/* Begin PBXFrameworksBuildPhase section */
		6639A75D148FFF4600686749 /* Frameworks */ = {
			isa = PBXFrameworksBuildPhase;
			buildActionMask = 2147483647;
			files = (
			);
			runOnlyForDeploymentPostprocessing = 0;
		};
/* End PBXFrameworksBuildPhase section */

/* Begin PBXGroup section */
		6639A755148FFF4600686749 = {
			isa = PBXGroup;
			children = (
				6639A763148FFF4600686749 /* Number */,
				6639A761148FFF4600686749 /* Products */,
			);
			sourceTree = "<group>";
		};
		6639A761148FFF4600686749 /* Products */ = {
			isa = PBXGroup;
			children = (
				6639A760148FFF4600686749 /* Number */,
			);
			name = Products;
			sourceTree = "<group>";
		};
		6639A763148FFF4600686749 /* Number */ = {
			isa = PBXGroup;
			children = (
				6639A764148FFF4600686749 /* main.c */,
				6639A766148FFF4600686749 /* Number.1 */,
			);
			path = Number;
			sourceTree = "<group>";
		};
/* End PBXGroup section */

/* Begin PBXNativeTarget section */
		6639A75F148FFF4600686749 /* Number */ = {
			isa = PBXNativeTarget;
			buildConfigurationList = 6639A76A148FFF4600686749 /* Build configuration list for PBXNativeTarget "Number" */;
			buildPhases = (
				6639A75C148FFF4600686749 /* Sources */,
				6639A75D148FFF4600686749 /* Frameworks */,
				6639A75E148FFF4600686749 /* CopyFiles */,
			);
			buildRules = (
			);
			dependencies = (
			);
			name = Number;
			productName = Number;
			productReference = 6639A760148FFF4600686749 /* Number */;
			productType = "com.apple.product-type.tool";
		};
/* End PBXNativeTarget section */

/* Begin PBXProject section */
		6639A757148FFF4600686749 /* Project object */ = {
			isa = PBXProject;
			attributes = {
				LastUpgradeCheck = 0420;
				ORGANIZATIONNAME = "Stour Valley Designs";
			};
			buildConfigurationList = 6639A75A148FFF4600686749 /* Build configuration list for PBXProject "Number" */;
			compatibilityVersion = "Xcode 3.2";
			developmentRegion = English;
			hasScannedForEncodings = 0;
			knownRegions = (
				en,
			);
			mainGroup = 6639A755148FFF4600686749;
			productRefGroup = 6639A761148FFF4600686749 /* Products */;
			projectDirPath = "";
			projectRoot = "";
			targets = (
				6639A75F148FFF4600686749 /* Number */,
			);
		};
/* End PBXProject section */

/* Begin PBXSourcesBuildPhase section */
		6639A75C148FFF4600686749 /* Sources */ = {
			isa = PBXSourcesBuildPhase;
			buildActionMask = 2147483647;
			files = (
				6639A765148FFF4600686749 /* main.c in Sources */,
			);
			runOnlyForDeploymentPostprocessing = 0;
		};
/* End PBXSourcesBuildPhase section */

/* Begin XCBuildConfiguration section */
		6639A768148FFF4600686749 /* Debug */ = {
			isa = XCBuildConfiguration;
			buildSettings = {
				ALWAYS_SEARCH_USER_PATHS = NO;
				ARCHS = "$(ARCHS_STANDARD_64_BIT)";
				COPY_PHASE_STRIP = NO;
				GCC_C_LANGUAGE_STANDARD = gnu99;
				GCC_DYNAMIC_NO_PIC = NO;
				GCC_ENABLE_OBJC_EXCEPTIONS = YES;
				GCC_OPTIMIZATION_LEVEL = 0;
				GCC_PREPROCESSOR_DEFINITIONS = (
					"DEBUG=1",
					"$(inherited)",
				);
				GCC_SYMBOLS_PRIVATE_EXTERN = NO;
				GCC_VERSION = com.apple.compilers.llvm.clang.1_0;
				GCC_WARN_64_TO_32_BIT_CONVERSION = YES;
				GCC_WARN_ABOUT_MISSING_PROTOTYPES = YES;
				GCC_WARN_ABOUT_RETURN_TYPE = YES;
				GCC_WARN_UNUSED_VARIABLE = YES;
				MACOSX_DEPLOYMENT_TARGET = 10.7;
				ONLY_ACTIVE_ARCH = YES;
				SDKROOT = macosx;
			};
			name = Debug;
		};
		6639A769148FFF4600686749 /* Release */ = {
			isa = XCBuildConfiguration;
			buildSettings = {
				ALWAYS_SEARCH_USER_PATHS = NO;
				ARCHS = "$(ARCHS_STANDARD_64_BIT)";
				COPY_PHASE_STRIP = YES;
				DEBUG_INFORMATION_FORMAT = "dwarf-with-dsym";
				GCC_C_LANGUAGE_STANDARD = gnu99;
				GCC_ENABLE_OBJC_EXCEPTIONS = YES;
				GCC_VERSION = com.apple.compilers.llvm.clang.1_0;
				GCC_WARN_64_TO_32_BIT_CONVERSION = YES;
				GCC_WARN_ABOUT_MISSING_PROTOTYPES = YES;
				GCC_WARN_ABOUT_RETURN_TYPE = YES;
				GCC_WARN_UNUSED_VARIABLE = YES;
				MACOSX_DEPLOYMENT_TARGET = 10.7;
				SDKROOT = macosx;
			};
			name = Release;
		};
		6639A76B148FFF4600686749 /* Debug */ = {
			isa = XCBuildConfiguration;
			buildSettings = {
				PRODUCT_NAME = "$(TARGET_NAME)";
			};
			name = Debug;
		};
		6639A76C148FFF4600686749 /* Release */ = {
			isa = XCBuildConfiguration;
			buildSettings = {
				PRODUCT_NAME = "$(TARGET_NAME)";
			};
			name = Release;
		};
/* End XCBuildConfiguration section */

/* Begin XCConfigurationList section */
		6639A75A148FFF4600686749 /* Build configuration list for PBXProject "Number" */ = {
			isa = XCConfigurationList;
			buildConfigurations = (
				6639A768148FFF4600686749 /* Debug */,
				6639A769148FFF4600686749 /* Release */,
			);
			defaultConfigurationIsVisible = 0;
			defaultConfigurationName = Release;
		};
		6639A76A148FFF4600686749 /* Build configuration list for PBXNativeTarget "Number" */ = {
			isa = XCConfigurationList;
			buildConfigurations = (
				6639A76B148FFF4600686749 /* Debug */,
				6639A76C148FFF4600686749 /* Release */,
			);
			defaultConfigurationIsVisible = 0;
		};
/* End XCConfigurationList section */
	};
	rootObject = 6639A757148FFF4600686749 /* Project object */;
}
