// !$*UTF8*$!
{
	archiveVersion = 1;
	classes = {
	};
	objectVersion = 46;
	objects = {

/* Begin PBXBuildFile section */
		66FDA0EC14EF943900C01839 /* UIKit.framework in Frameworks */ = {isa = PBXBuildFile; fileRef = 66FDA0EB14EF943900C01839 /* UIKit.framework */; };
		66FDA0EE14EF943900C01839 /* Foundation.framework in Frameworks */ = {isa = PBXBuildFile; fileRef = 66FDA0ED14EF943900C01839 /* Foundation.framework */; };
		66FDA0F014EF943900C01839 /* CoreGraphics.framework in Frameworks */ = {isa = PBXBuildFile; fileRef = 66FDA0EF14EF943900C01839 /* CoreGraphics.framework */; };
		66FDA0F614EF943900C01839 /* InfoPlist.strings in Resources */ = {isa = PBXBuildFile; fileRef = 66FDA0F414EF943900C01839 /* InfoPlist.strings */; };
		66FDA0F814EF943900C01839 /* main.m in Sources */ = {isa = PBXBuildFile; fileRef = 66FDA0F714EF943900C01839 /* main.m */; };
		66FDA0FC14EF943900C01839 /* NavAppDelegate.m in Sources */ = {isa = PBXBuildFile; fileRef = 66FDA0FB14EF943900C01839 /* NavAppDelegate.m */; };
		66FDA10414EF96E800C01839 /* ListViewController.m in Sources */ = {isa = PBXBuildFile; fileRef = 66FDA10314EF96E800C01839 /* ListViewController.m */; };
		66FDA10914EFCC8A00C01839 /* DetailViewController.m in Sources */ = {isa = PBXBuildFile; fileRef = 66FDA10814EFCC8A00C01839 /* DetailViewController.m */; };
		66FDA10B14EFCCBD00C01839 /* DetailViewController.xib in Resources */ = {isa = PBXBuildFile; fileRef = 66FDA10A14EFCCBD00C01839 /* DetailViewController.xib */; };
/* End PBXBuildFile section */

/* Begin PBXFileReference section */
		66FDA0E714EF943900C01839 /* Nav.app */ = {isa = PBXFileReference; explicitFileType = wrapper.application; includeInIndex = 0; path = Nav.app; sourceTree = BUILT_PRODUCTS_DIR; };
		66FDA0EB14EF943900C01839 /* UIKit.framework */ = {isa = PBXFileReference; lastKnownFileType = wrapper.framework; name = UIKit.framework; path = System/Library/Frameworks/UIKit.framework; sourceTree = SDKROOT; };
		66FDA0ED14EF943900C01839 /* Foundation.framework */ = {isa = PBXFileReference; lastKnownFileType = wrapper.framework; name = Foundation.framework; path = System/Library/Frameworks/Foundation.framework; sourceTree = SDKROOT; };
		66FDA0EF14EF943900C01839 /* CoreGraphics.framework */ = {isa = PBXFileReference; lastKnownFileType = wrapper.framework; name = CoreGraphics.framework; path = System/Library/Frameworks/CoreGraphics.framework; sourceTree = SDKROOT; };
		66FDA0F314EF943900C01839 /* Nav-Info.plist */ = {isa = PBXFileReference; lastKnownFileType = text.plist.xml; path = "Nav-Info.plist"; sourceTree = "<group>"; };
		66FDA0F514EF943900C01839 /* en */ = {isa = PBXFileReference; lastKnownFileType = text.plist.strings; name = en; path = en.lproj/InfoPlist.strings; sourceTree = "<group>"; };
		66FDA0F714EF943900C01839 /* main.m */ = {isa = PBXFileReference; lastKnownFileType = sourcecode.c.objc; path = main.m; sourceTree = "<group>"; };
		66FDA0F914EF943900C01839 /* Nav-Prefix.pch */ = {isa = PBXFileReference; lastKnownFileType = sourcecode.c.h; path = "Nav-Prefix.pch"; sourceTree = "<group>"; };
		66FDA0FA14EF943900C01839 /* NavAppDelegate.h */ = {isa = PBXFileReference; lastKnownFileType = sourcecode.c.h; path = NavAppDelegate.h; sourceTree = "<group>"; };
		66FDA0FB14EF943900C01839 /* NavAppDelegate.m */ = {isa = PBXFileReference; lastKnownFileType = sourcecode.c.objc; path = NavAppDelegate.m; sourceTree = "<group>"; };
		66FDA10214EF96E800C01839 /* ListViewController.h */ = {isa = PBXFileReference; fileEncoding = 4; lastKnownFileType = sourcecode.c.h; path = ListViewController.h; sourceTree = "<group>"; };
		66FDA10314EF96E800C01839 /* ListViewController.m */ = {isa = PBXFileReference; fileEncoding = 4; lastKnownFileType = sourcecode.c.objc; path = ListViewController.m; sourceTree = "<group>"; };
		66FDA10714EFCC8A00C01839 /* DetailViewController.h */ = {isa = PBXFileReference; fileEncoding = 4; lastKnownFileType = sourcecode.c.h; path = DetailViewController.h; sourceTree = "<group>"; };
		66FDA10814EFCC8A00C01839 /* DetailViewController.m */ = {isa = PBXFileReference; fileEncoding = 4; lastKnownFileType = sourcecode.c.objc; path = DetailViewController.m; sourceTree = "<group>"; };
		66FDA10A14EFCCBD00C01839 /* DetailViewController.xib */ = {isa = PBXFileReference; fileEncoding = 4; lastKnownFileType = file.xib; path = DetailViewController.xib; sourceTree = "<group>"; };
/* End PBXFileReference section */

/* Begin PBXFrameworksBuildPhase section */
		66FDA0E414EF943900C01839 /* Frameworks */ = {
			isa = PBXFrameworksBuildPhase;
			buildActionMask = 2147483647;
			files = (
				66FDA0EC14EF943900C01839 /* UIKit.framework in Frameworks */,
				66FDA0EE14EF943900C01839 /* Foundation.framework in Frameworks */,
				66FDA0F014EF943900C01839 /* CoreGraphics.framework in Frameworks */,
			);
			runOnlyForDeploymentPostprocessing = 0;
		};
/* End PBXFrameworksBuildPhase section */

/* Begin PBXGroup section */
		66FDA0DC14EF943900C01839 = {
			isa = PBXGroup;
			children = (
				66FDA0F114EF943900C01839 /* Nav */,
				66FDA0EA14EF943900C01839 /* Frameworks */,
				66FDA0E814EF943900C01839 /* Products */,
			);
			sourceTree = "<group>";
		};
		66FDA0E814EF943900C01839 /* Products */ = {
			isa = PBXGroup;
			children = (
				66FDA0E714EF943900C01839 /* Nav.app */,
			);
			name = Products;
			sourceTree = "<group>";
		};
		66FDA0EA14EF943900C01839 /* Frameworks */ = {
			isa = PBXGroup;
			children = (
				66FDA0EB14EF943900C01839 /* UIKit.framework */,
				66FDA0ED14EF943900C01839 /* Foundation.framework */,
				66FDA0EF14EF943900C01839 /* CoreGraphics.framework */,
			);
			name = Frameworks;
			sourceTree = "<group>";
		};
		66FDA0F114EF943900C01839 /* Nav */ = {
			isa = PBXGroup;
			children = (
				66FDA0FA14EF943900C01839 /* NavAppDelegate.h */,
				66FDA0FB14EF943900C01839 /* NavAppDelegate.m */,
				66FDA0F214EF943900C01839 /* Supporting Files */,
				66FDA10214EF96E800C01839 /* ListViewController.h */,
				66FDA10314EF96E800C01839 /* ListViewController.m */,
				66FDA10714EFCC8A00C01839 /* DetailViewController.h */,
				66FDA10814EFCC8A00C01839 /* DetailViewController.m */,
				66FDA10A14EFCCBD00C01839 /* DetailViewController.xib */,
			);
			path = Nav;
			sourceTree = "<group>";
		};
		66FDA0F214EF943900C01839 /* Supporting Files */ = {
			isa = PBXGroup;
			children = (
				66FDA0F314EF943900C01839 /* Nav-Info.plist */,
				66FDA0F414EF943900C01839 /* InfoPlist.strings */,
				66FDA0F714EF943900C01839 /* main.m */,
				66FDA0F914EF943900C01839 /* Nav-Prefix.pch */,
			);
			name = "Supporting Files";
			sourceTree = "<group>";
		};
/* End PBXGroup section */

/* Begin PBXNativeTarget section */
		66FDA0E614EF943900C01839 /* Nav */ = {
			isa = PBXNativeTarget;
			buildConfigurationList = 66FDA0FF14EF943900C01839 /* Build configuration list for PBXNativeTarget "Nav" */;
			buildPhases = (
				66FDA0E314EF943900C01839 /* Sources */,
				66FDA0E414EF943900C01839 /* Frameworks */,
				66FDA0E514EF943900C01839 /* Resources */,
			);
			buildRules = (
			);
			dependencies = (
			);
			name = Nav;
			productName = Nav;
			productReference = 66FDA0E714EF943900C01839 /* Nav.app */;
			productType = "com.apple.product-type.application";
		};
/* End PBXNativeTarget section */

/* Begin PBXProject section */
		66FDA0DE14EF943900C01839 /* Project object */ = {
			isa = PBXProject;
			attributes = {
				CLASSPREFIX = Nav;
				LastUpgradeCheck = 0430;
				ORGANIZATIONNAME = "Stour Valley Designs";
			};
			buildConfigurationList = 66FDA0E114EF943900C01839 /* Build configuration list for PBXProject "Nav" */;
			compatibilityVersion = "Xcode 3.2";
			developmentRegion = English;
			hasScannedForEncodings = 0;
			knownRegions = (
				en,
			);
			mainGroup = 66FDA0DC14EF943900C01839;
			productRefGroup = 66FDA0E814EF943900C01839 /* Products */;
			projectDirPath = "";
			projectRoot = "";
			targets = (
				66FDA0E614EF943900C01839 /* Nav */,
			);
		};
/* End PBXProject section */

/* Begin PBXResourcesBuildPhase section */
		66FDA0E514EF943900C01839 /* Resources */ = {
			isa = PBXResourcesBuildPhase;
			buildActionMask = 2147483647;
			files = (
				66FDA0F614EF943900C01839 /* InfoPlist.strings in Resources */,
				66FDA10B14EFCCBD00C01839 /* DetailViewController.xib in Resources */,
			);
			runOnlyForDeploymentPostprocessing = 0;
		};
/* End PBXResourcesBuildPhase section */

/* Begin PBXSourcesBuildPhase section */
		66FDA0E314EF943900C01839 /* Sources */ = {
			isa = PBXSourcesBuildPhase;
			buildActionMask = 2147483647;
			files = (
				66FDA0F814EF943900C01839 /* main.m in Sources */,
				66FDA0FC14EF943900C01839 /* NavAppDelegate.m in Sources */,
				66FDA10414EF96E800C01839 /* ListViewController.m in Sources */,
				66FDA10914EFCC8A00C01839 /* DetailViewController.m in Sources */,
			);
			runOnlyForDeploymentPostprocessing = 0;
		};
/* End PBXSourcesBuildPhase section */

/* Begin PBXVariantGroup section */
		66FDA0F414EF943900C01839 /* InfoPlist.strings */ = {
			isa = PBXVariantGroup;
			children = (
				66FDA0F514EF943900C01839 /* en */,
			);
			name = InfoPlist.strings;
			sourceTree = "<group>";
		};
/* End PBXVariantGroup section */

/* Begin XCBuildConfiguration section */
		66FDA0FD14EF943900C01839 /* Debug */ = {
			isa = XCBuildConfiguration;
			buildSettings = {
				ALWAYS_SEARCH_USER_PATHS = NO;
				ARCHS = "$(ARCHS_STANDARD_32_BIT)";
				CLANG_ENABLE_OBJC_ARC = YES;
				"CODE_SIGN_IDENTITY[sdk=iphoneos*]" = "iPhone Developer";
				COPY_PHASE_STRIP = NO;
				GCC_C_LANGUAGE_STANDARD = gnu99;
				GCC_DYNAMIC_NO_PIC = NO;
				GCC_OPTIMIZATION_LEVEL = 0;
				GCC_PREPROCESSOR_DEFINITIONS = (
					"DEBUG=1",
					"$(inherited)",
				);
				GCC_SYMBOLS_PRIVATE_EXTERN = NO;
				GCC_VERSION = com.apple.compilers.llvm.clang.1_0;
				GCC_WARN_ABOUT_RETURN_TYPE = YES;
				GCC_WARN_UNINITIALIZED_AUTOS = YES;
				GCC_WARN_UNUSED_VARIABLE = YES;
				IPHONEOS_DEPLOYMENT_TARGET = 5.0;
				SDKROOT = iphoneos;
			};
			name = Debug;
		};
		66FDA0FE14EF943900C01839 /* Release */ = {
			isa = XCBuildConfiguration;
			buildSettings = {
				ALWAYS_SEARCH_USER_PATHS = NO;
				ARCHS = "$(ARCHS_STANDARD_32_BIT)";
				CLANG_ENABLE_OBJC_ARC = YES;
				"CODE_SIGN_IDENTITY[sdk=iphoneos*]" = "iPhone Developer";
				COPY_PHASE_STRIP = YES;
				GCC_C_LANGUAGE_STANDARD = gnu99;
				GCC_VERSION = com.apple.compilers.llvm.clang.1_0;
				GCC_WARN_ABOUT_RETURN_TYPE = YES;
				GCC_WARN_UNINITIALIZED_AUTOS = YES;
				GCC_WARN_UNUSED_VARIABLE = YES;
				IPHONEOS_DEPLOYMENT_TARGET = 5.0;
				OTHER_CFLAGS = "-DNS_BLOCK_ASSERTIONS=1";
				SDKROOT = iphoneos;
				VALIDATE_PRODUCT = YES;
			};
			name = Release;
		};
		66FDA10014EF943900C01839 /* Debug */ = {
			isa = XCBuildConfiguration;
			buildSettings = {
				GCC_PRECOMPILE_PREFIX_HEADER = YES;
				GCC_PREFIX_HEADER = "Nav/Nav-Prefix.pch";
				INFOPLIST_FILE = "Nav/Nav-Info.plist";
				PRODUCT_NAME = "$(TARGET_NAME)";
				WRAPPER_EXTENSION = app;
			};
			name = Debug;
		};
		66FDA10114EF943900C01839 /* Release */ = {
			isa = XCBuildConfiguration;
			buildSettings = {
				GCC_PRECOMPILE_PREFIX_HEADER = YES;
				GCC_PREFIX_HEADER = "Nav/Nav-Prefix.pch";
				INFOPLIST_FILE = "Nav/Nav-Info.plist";
				PRODUCT_NAME = "$(TARGET_NAME)";
				WRAPPER_EXTENSION = app;
			};
			name = Release;
		};
/* End XCBuildConfiguration section */

/* Begin XCConfigurationList section */
		66FDA0E114EF943900C01839 /* Build configuration list for PBXProject "Nav" */ = {
			isa = XCConfigurationList;
			buildConfigurations = (
				66FDA0FD14EF943900C01839 /* Debug */,
				66FDA0FE14EF943900C01839 /* Release */,
			);
			defaultConfigurationIsVisible = 0;
			defaultConfigurationName = Release;
		};
		66FDA0FF14EF943900C01839 /* Build configuration list for PBXNativeTarget "Nav" */ = {
			isa = XCConfigurationList;
			buildConfigurations = (
				66FDA10014EF943900C01839 /* Debug */,
				66FDA10114EF943900C01839 /* Release */,
			);
			defaultConfigurationIsVisible = 0;
		};
/* End XCConfigurationList section */
	};
	rootObject = 66FDA0DE14EF943900C01839 /* Project object */;
}
